
Microsoft Visual Studio Solution File, Format Version 12.00
# Visual Studio Version 16
VisualStudioVersion = 25.0.1706.12
MinimumVisualStudioVersion = 10.0.40219.1
Project("{FAE04EC0-301F-11D3-BF4B-00C04F79EFBC}") = ".algorithm", ".algorithm\.algorithm.csproj", "{72955FDF-897F-4E83-A4FC-E326AED105B1}"
EndProject
Global
	GlobalSection(SolutionConfigurationPlatforms) = preSolution
		Debug|Any CPU = Debug|Any CPU
		Release|Any CPU = Release|Any CPU
	EndGlobalSection
	GlobalSection(ProjectConfigurationPlatforms) = postSolution
		{72955FDF-897F-4E83-A4FC-E326AED105B1}.Debug|Any CPU.ActiveCfg = Debug|Any CPU
		{72955FDF-897F-4E83-A4FC-E326AED105B1}.Debug|Any CPU.Build.0 = Debug|Any CPU
		{72955FDF-897F-4E83-A4FC-E326AED105B1}.Release|Any CPU.ActiveCfg = Release|Any CPU
		{72955FDF-897F-4E83-A4FC-E326AED105B1}.Release|Any CPU.Build.0 = Release|Any CPU
	EndGlobalSection
	GlobalSection(SolutionProperties) = preSolution
		HideSolutionNode = FALSE
	EndGlobalSection
	GlobalSection(ExtensibilityGlobals) = postSolution
		SolutionGuid = {F7A00903-B131-4215-9251-DCF1EB048ECB}
	EndGlobalSection
EndGlobal
